
Microsoft Visual Studio Solution File, Format Version 12.00
# Visual Studio Version 16
VisualStudioVersion = 16.0.30717.126
MinimumVisualStudioVersion = 10.0.40219.1
Project("{FAE04EC0-301F-11D3-BF4B-00C04F79EFBC}") = "MenegerPassword.Android", "MenegerPassword\MenegerPassword.Android\MenegerPassword.Android.csproj", "{8F035B39-EEE0-467E-877B-DB355945145B}"
EndProject
Project("{FAE04EC0-301F-11D3-BF4B-00C04F79EFBC}") = "MenegerPassword", "MenegerPassword\MenegerPassword\MenegerPassword.csproj", "{85D0875A-8D4F-481E-BD84-5FD856A57573}"
EndProject
Global
	GlobalSection(SolutionConfigurationPlatforms) = preSolution
		Debug|Any CPU = Debug|Any CPU
		Release|Any CPU = Release|Any CPU
	EndGlobalSection
	GlobalSection(ProjectConfigurationPlatforms) = postSolution
		{8F035B39-EEE0-467E-877B-DB355945145B}.Debug|Any CPU.ActiveCfg = Debug|Any CPU
		{8F035B39-EEE0-467E-877B-DB355945145B}.Debug|Any CPU.Build.0 = Debug|Any CPU
		{8F035B39-EEE0-467E-877B-DB355945145B}.Debug|Any CPU.Deploy.0 = Debug|Any CPU
		{8F035B39-EEE0-467E-877B-DB355945145B}.Release|Any CPU.ActiveCfg = Release|Any CPU
		{8F035B39-EEE0-467E-877B-DB355945145B}.Release|Any CPU.Build.0 = Release|Any CPU
		{8F035B39-EEE0-467E-877B-DB355945145B}.Release|Any CPU.Deploy.0 = Release|Any CPU
		{85D0875A-8D4F-481E-BD84-5FD856A57573}.Debug|Any CPU.ActiveCfg = Debug|Any CPU
		{85D0875A-8D4F-481E-BD84-5FD856A57573}.Debug|Any CPU.Build.0 = Debug|Any CPU
		{85D0875A-8D4F-481E-BD84-5FD856A57573}.Debug|Any CPU.Deploy.0 = Debug|Any CPU
		{85D0875A-8D4F-481E-BD84-5FD856A57573}.Release|Any CPU.ActiveCfg = Release|Any CPU
		{85D0875A-8D4F-481E-BD84-5FD856A57573}.Release|Any CPU.Build.0 = Release|Any CPU
		{85D0875A-8D4F-481E-BD84-5FD856A57573}.Release|Any CPU.Deploy.0 = Release|Any CPU
	EndGlobalSection
	GlobalSection(SolutionProperties) = preSolution
		HideSolutionNode = FALSE
	EndGlobalSection
	GlobalSection(ExtensibilityGlobals) = postSolution
		SolutionGuid = {7B9335AB-C18A-4774-AF3C-1D65ADCEC01C}
	EndGlobalSection
EndGlobal
